
Microsoft Visual Studio Solution File, Format Version 12.00
# Visual Studio 15
VisualStudioVersion = 15.0.28307.1169
MinimumVisualStudioVersion = 10.0.40219.1
Project("{FAE04EC0-301F-11D3-BF4B-00C04F79EFBC}") = "first app", "first app\first app.csproj", "{8450F085-6D0E-4282-908E-FC1929B3864B}"
EndProject
Global
	GlobalSection(SolutionConfigurationPlatforms) = preSolution
		Debug|Any CPU = Debug|Any CPU
		Release|Any CPU = Release|Any CPU
	EndGlobalSection
	GlobalSection(ProjectConfigurationPlatforms) = postSolution
		{8450F085-6D0E-4282-908E-FC1929B3864B}.Debug|Any CPU.ActiveCfg = Debug|Any CPU
		{8450F085-6D0E-4282-908E-FC1929B3864B}.Debug|Any CPU.Build.0 = Debug|Any CPU
		{8450F085-6D0E-4282-908E-FC1929B3864B}.Debug|Any CPU.Deploy.0 = Debug|Any CPU
		{8450F085-6D0E-4282-908E-FC1929B3864B}.Release|Any CPU.ActiveCfg = Release|Any CPU
		{8450F085-6D0E-4282-908E-FC1929B3864B}.Release|Any CPU.Build.0 = Release|Any CPU
		{8450F085-6D0E-4282-908E-FC1929B3864B}.Release|Any CPU.Deploy.0 = Release|Any CPU
	EndGlobalSection
	GlobalSection(SolutionProperties) = preSolution
		HideSolutionNode = FALSE
	EndGlobalSection
	GlobalSection(ExtensibilityGlobals) = postSolution
		SolutionGuid = {A14121F0-1D61-4DEA-A6FB-841DCC0A5484}
	EndGlobalSection
EndGlobal
